
Microsoft Visual Studio Solution File, Format Version 12.00
# Visual Studio Version 16
VisualStudioVersion = 16.0.29613.14
MinimumVisualStudioVersion = 10.0.40219.1
Project("{FAE04EC0-301F-11D3-BF4B-00C04F79EFBC}") = "IntunePFXCertConnectorValidationService", "OnPremValidation\IntunePFXCertConnectorValidationService\IntunePFXCertConnectorValidationService.csproj", "{031F5622-EF2E-4F79-ABB4-25868F23DD36}"
EndProject
Project("{FAE04EC0-301F-11D3-BF4B-00C04F79EFBC}") = "EncryptionUtilities", "EncryptionUtilities\Source\EncryptionUtilities.csproj", "{D4FF3D7B-3C1A-47B0-9983-95DD89D2AED4}"
EndProject
Global
	GlobalSection(SolutionConfigurationPlatforms) = preSolution
		Debug|Any CPU = Debug|Any CPU
		Release|Any CPU = Release|Any CPU
	EndGlobalSection
	GlobalSection(ProjectConfigurationPlatforms) = postSolution
		{031F5622-EF2E-4F79-ABB4-25868F23DD36}.Debug|Any CPU.ActiveCfg = Debug|Any CPU
		{031F5622-EF2E-4F79-ABB4-25868F23DD36}.Debug|Any CPU.Build.0 = Debug|Any CPU
		{031F5622-EF2E-4F79-ABB4-25868F23DD36}.Release|Any CPU.ActiveCfg = Release|Any CPU
		{031F5622-EF2E-4F79-ABB4-25868F23DD36}.Release|Any CPU.Build.0 = Release|Any CPU
		{D4FF3D7B-3C1A-47B0-9983-95DD89D2AED4}.Debug|Any CPU.ActiveCfg = Debug|Any CPU
		{D4FF3D7B-3C1A-47B0-9983-95DD89D2AED4}.Debug|Any CPU.Build.0 = Debug|Any CPU
		{D4FF3D7B-3C1A-47B0-9983-95DD89D2AED4}.Release|Any CPU.ActiveCfg = Release|Any CPU
		{D4FF3D7B-3C1A-47B0-9983-95DD89D2AED4}.Release|Any CPU.Build.0 = Release|Any CPU
	EndGlobalSection
	GlobalSection(SolutionProperties) = preSolution
		HideSolutionNode = FALSE
	EndGlobalSection
	GlobalSection(ExtensibilityGlobals) = postSolution
		SolutionGuid = {749AF51A-5109-46C1-99B9-8542BA663E56}
	EndGlobalSection
EndGlobal
